
Microsoft Visual Studio Solution File, Format Version 12.00
# Visual Studio Version 16
VisualStudioVersion = 16.0.29403.142
MinimumVisualStudioVersion = 10.0.40219.1
Project("{FAE04EC0-301F-11D3-BF4B-00C04F79EFBC}") = "DormitoryManagement", "DormitoryManagement.csproj", "{7DEC3AFA-279D-4022-ABF6-278E183783EB}"
EndProject
Global
	GlobalSection(SolutionConfigurationPlatforms) = preSolution
		Debug|Any CPU = Debug|Any CPU
		Release|Any CPU = Release|Any CPU
	EndGlobalSection
	GlobalSection(ProjectConfigurationPlatforms) = postSolution
		{7DEC3AFA-279D-4022-ABF6-278E183783EB}.Debug|Any CPU.ActiveCfg = Debug|Any CPU
		{7DEC3AFA-279D-4022-ABF6-278E183783EB}.Debug|Any CPU.Build.0 = Debug|Any CPU
		{7DEC3AFA-279D-4022-ABF6-278E183783EB}.Release|Any CPU.ActiveCfg = Release|Any CPU
		{7DEC3AFA-279D-4022-ABF6-278E183783EB}.Release|Any CPU.Build.0 = Release|Any CPU
	EndGlobalSection
	GlobalSection(SolutionProperties) = preSolution
		HideSolutionNode = FALSE
	EndGlobalSection
	GlobalSection(ExtensibilityGlobals) = postSolution
		SolutionGuid = {F9E3BEEC-18CE-4735-A53B-9997CC2AB3B3}
	EndGlobalSection
EndGlobal
